// !$*UTF8*$!
{
	archiveVersion = 1;
	classes = {
	};
	objectVersion = 56;
	objects = {

/* Begin PBXBuildFile section */
		4FC32792A01D19A1052AAAB1 /* Pods_NewsApp.framework in Frameworks */ = {isa = PBXBuildFile; fileRef = A275E576126C378C2F802A24 /* Pods_NewsApp.framework */; };
		79463E922A3B284000BAE3A3 /* RecentSearchService.swift in Sources */ = {isa = PBXBuildFile; fileRef = 79463E912A3B284000BAE3A3 /* RecentSearchService.swift */; };
		79E216302A3B2E500091DA4D /* RecentSearchModel.swift in Sources */ = {isa = PBXBuildFile; fileRef = 79E2162F2A3B2E500091DA4D /* RecentSearchModel.swift */; };
		79E216322A3B2EE40091DA4D /* RecentSearchesVC.swift in Sources */ = {isa = PBXBuildFile; fileRef = 79E216312A3B2EE40091DA4D /* RecentSearchesVC.swift */; };
		79F2DB3C2A312D51004B5FBC /* AppDelegate.swift in Sources */ = {isa = PBXBuildFile; fileRef = 79F2DB3B2A312D51004B5FBC /* AppDelegate.swift */; };
		79F2DB3E2A312D51004B5FBC /* SceneDelegate.swift in Sources */ = {isa = PBXBuildFile; fileRef = 79F2DB3D2A312D51004B5FBC /* SceneDelegate.swift */; };
		79F2DB402A312D51004B5FBC /* ViewController.swift in Sources */ = {isa = PBXBuildFile; fileRef = 79F2DB3F2A312D51004B5FBC /* ViewController.swift */; };
		79F2DB452A312D55004B5FBC /* Assets.xcassets in Resources */ = {isa = PBXBuildFile; fileRef = 79F2DB442A312D55004B5FBC /* Assets.xcassets */; };
		79F2DB482A312D55004B5FBC /* LaunchScreen.storyboard in Resources */ = {isa = PBXBuildFile; fileRef = 79F2DB462A312D55004B5FBC /* LaunchScreen.storyboard */; };
		79F2DB502A312DBB004B5FBC /* NewsModel.swift in Sources */ = {isa = PBXBuildFile; fileRef = 79F2DB4F2A312DBB004B5FBC /* NewsModel.swift */; };
		79F2DB522A312DE7004B5FBC /* NewsSevice.swift in Sources */ = {isa = PBXBuildFile; fileRef = 79F2DB512A312DE7004B5FBC /* NewsSevice.swift */; };
		79F2DB542A3130C9004B5FBC /* NewsCell.swift in Sources */ = {isa = PBXBuildFile; fileRef = 79F2DB532A3130C9004B5FBC /* NewsCell.swift */; };
		79F2DB562A3132B9004B5FBC /* UIImage+setImage.swift in Sources */ = {isa = PBXBuildFile; fileRef = 79F2DB552A3132B9004B5FBC /* UIImage+setImage.swift */; };
/* End PBXBuildFile section */

/* Begin PBXFileReference section */
		3BC026D65B702CF10EF1DA7D /* Pods-NewsApp.release.xcconfig */ = {isa = PBXFileReference; includeInIndex = 1; lastKnownFileType = text.xcconfig; name = "Pods-NewsApp.release.xcconfig"; path = "Target Support Files/Pods-NewsApp/Pods-NewsApp.release.xcconfig"; sourceTree = "<group>"; };
		79463E912A3B284000BAE3A3 /* RecentSearchService.swift */ = {isa = PBXFileReference; lastKnownFileType = sourcecode.swift; path = RecentSearchService.swift; sourceTree = "<group>"; };
		79E2162F2A3B2E500091DA4D /* RecentSearchModel.swift */ = {isa = PBXFileReference; lastKnownFileType = sourcecode.swift; path = RecentSearchModel.swift; sourceTree = "<group>"; };
		79E216312A3B2EE40091DA4D /* RecentSearchesVC.swift */ = {isa = PBXFileReference; lastKnownFileType = sourcecode.swift; path = RecentSearchesVC.swift; sourceTree = "<group>"; };
		79F2DB382A312D51004B5FBC /* NewsApp.app */ = {isa = PBXFileReference; explicitFileType = wrapper.application; includeInIndex = 0; path = NewsApp.app; sourceTree = BUILT_PRODUCTS_DIR; };
		79F2DB3B2A312D51004B5FBC /* AppDelegate.swift */ = {isa = PBXFileReference; lastKnownFileType = sourcecode.swift; path = AppDelegate.swift; sourceTree = "<group>"; };
		79F2DB3D2A312D51004B5FBC /* SceneDelegate.swift */ = {isa = PBXFileReference; lastKnownFileType = sourcecode.swift; path = SceneDelegate.swift; sourceTree = "<group>"; };
		79F2DB3F2A312D51004B5FBC /* ViewController.swift */ = {isa = PBXFileReference; lastKnownFileType = sourcecode.swift; path = ViewController.swift; sourceTree = "<group>"; };
		79F2DB442A312D55004B5FBC /* Assets.xcassets */ = {isa = PBXFileReference; lastKnownFileType = folder.assetcatalog; path = Assets.xcassets; sourceTree = "<group>"; };
		79F2DB472A312D55004B5FBC /* Base */ = {isa = PBXFileReference; lastKnownFileType = file.storyboard; name = Base; path = Base.lproj/LaunchScreen.storyboard; sourceTree = "<group>"; };
		79F2DB492A312D55004B5FBC /* Info.plist */ = {isa = PBXFileReference; lastKnownFileType = text.plist.xml; path = Info.plist; sourceTree = "<group>"; };
		79F2DB4F2A312DBB004B5FBC /* NewsModel.swift */ = {isa = PBXFileReference; lastKnownFileType = sourcecode.swift; path = NewsModel.swift; sourceTree = "<group>"; };
		79F2DB512A312DE7004B5FBC /* NewsSevice.swift */ = {isa = PBXFileReference; lastKnownFileType = sourcecode.swift; path = NewsSevice.swift; sourceTree = "<group>"; };
		79F2DB532A3130C9004B5FBC /* NewsCell.swift */ = {isa = PBXFileReference; lastKnownFileType = sourcecode.swift; path = NewsCell.swift; sourceTree = "<group>"; };
		79F2DB552A3132B9004B5FBC /* UIImage+setImage.swift */ = {isa = PBXFileReference; lastKnownFileType = sourcecode.swift; path = "UIImage+setImage.swift"; sourceTree = "<group>"; };
		A275E576126C378C2F802A24 /* Pods_NewsApp.framework */ = {isa = PBXFileReference; explicitFileType = wrapper.framework; includeInIndex = 0; path = Pods_NewsApp.framework; sourceTree = BUILT_PRODUCTS_DIR; };
		A279E9FC075E77FC6773C1CA /* Pods-NewsApp.debug.xcconfig */ = {isa = PBXFileReference; includeInIndex = 1; lastKnownFileType = text.xcconfig; name = "Pods-NewsApp.debug.xcconfig"; path = "Target Support Files/Pods-NewsApp/Pods-NewsApp.debug.xcconfig"; sourceTree = "<group>"; };
/* End PBXFileReference section */

/* Begin PBXFrameworksBuildPhase section */
		79F2DB352A312D51004B5FBC /* Frameworks */ = {
			isa = PBXFrameworksBuildPhase;
			buildActionMask = 2147483647;
			files = (
				4FC32792A01D19A1052AAAB1 /* Pods_NewsApp.framework in Frameworks */,
			);
			runOnlyForDeploymentPostprocessing = 0;
		};
/* End PBXFrameworksBuildPhase section */

/* Begin PBXGroup section */
		06B82294B324511B17288150 /* Pods */ = {
			isa = PBXGroup;
			children = (
				A279E9FC075E77FC6773C1CA /* Pods-NewsApp.debug.xcconfig */,
				3BC026D65B702CF10EF1DA7D /* Pods-NewsApp.release.xcconfig */,
			);
			path = Pods;
			sourceTree = "<group>";
		};
		44121ED1ABE9F97167DE778A /* Frameworks */ = {
			isa = PBXGroup;
			children = (
				A275E576126C378C2F802A24 /* Pods_NewsApp.framework */,
			);
			name = Frameworks;
			sourceTree = "<group>";
		};
		79F2DB2F2A312D51004B5FBC = {
			isa = PBXGroup;
			children = (
				79F2DB3A2A312D51004B5FBC /* NewsApp */,
				79F2DB392A312D51004B5FBC /* Products */,
				06B82294B324511B17288150 /* Pods */,
				44121ED1ABE9F97167DE778A /* Frameworks */,
			);
			sourceTree = "<group>";
		};
		79F2DB392A312D51004B5FBC /* Products */ = {
			isa = PBXGroup;
			children = (
				79F2DB382A312D51004B5FBC /* NewsApp.app */,
			);
			name = Products;
			sourceTree = "<group>";
		};
		79F2DB3A2A312D51004B5FBC /* NewsApp */ = {
			isa = PBXGroup;
			children = (
				79F2DB5D2A313380004B5FBC /* Services */,
				79F2DB592A313318004B5FBC /* Application */,
				79F2DB582A31330A004B5FBC /* Model */,
				79F2DB5C2A313371004B5FBC /* Views */,
				79F2DB5B2A31334C004B5FBC /* ViewControllers */,
				79F2DB5A2A313330004B5FBC /* Resources */,
				79F2DB572A3132F7004B5FBC /* Extensions */,
				79F2DB492A312D55004B5FBC /* Info.plist */,
			);
			path = NewsApp;
			sourceTree = "<group>";
		};
		79F2DB572A3132F7004B5FBC /* Extensions */ = {
			isa = PBXGroup;
			children = (
				79F2DB552A3132B9004B5FBC /* UIImage+setImage.swift */,
			);
			path = Extensions;
			sourceTree = "<group>";
		};
		79F2DB582A31330A004B5FBC /* Model */ = {
			isa = PBXGroup;
			children = (
				79F2DB4F2A312DBB004B5FBC /* NewsModel.swift */,
				79E2162F2A3B2E500091DA4D /* RecentSearchModel.swift */,
			);
			path = Model;
			sourceTree = "<group>";
		};
		79F2DB592A313318004B5FBC /* Application */ = {
			isa = PBXGroup;
			children = (
				79F2DB3B2A312D51004B5FBC /* AppDelegate.swift */,
				79F2DB3D2A312D51004B5FBC /* SceneDelegate.swift */,
				79F2DB462A312D55004B5FBC /* LaunchScreen.storyboard */,
				79F2DB442A312D55004B5FBC /* Assets.xcassets */,
			);
			path = Application;
			sourceTree = "<group>";
		};
		79F2DB5A2A313330004B5FBC /* Resources */ = {
			isa = PBXGroup;
			children = (
			);
			path = Resources;
			sourceTree = "<group>";
		};
		79F2DB5B2A31334C004B5FBC /* ViewControllers */ = {
			isa = PBXGroup;
			children = (
				79F2DB3F2A312D51004B5FBC /* ViewController.swift */,
				79E216312A3B2EE40091DA4D /* RecentSearchesVC.swift */,
			);
			path = ViewControllers;
			sourceTree = "<group>";
		};
		79F2DB5C2A313371004B5FBC /* Views */ = {
			isa = PBXGroup;
			children = (
				79F2DB532A3130C9004B5FBC /* NewsCell.swift */,
			);
			path = Views;
			sourceTree = "<group>";
		};
		79F2DB5D2A313380004B5FBC /* Services */ = {
			isa = PBXGroup;
			children = (
				79F2DB512A312DE7004B5FBC /* NewsSevice.swift */,
				79463E912A3B284000BAE3A3 /* RecentSearchService.swift */,
			);
			path = Services;
			sourceTree = "<group>";
		};
/* End PBXGroup section */

/* Begin PBXNativeTarget section */
		79F2DB372A312D51004B5FBC /* NewsApp */ = {
			isa = PBXNativeTarget;
			buildConfigurationList = 79F2DB4C2A312D55004B5FBC /* Build configuration list for PBXNativeTarget "NewsApp" */;
			buildPhases = (
				2FE9589129F0BEFA6C4D0CDA /* [CP] Check Pods Manifest.lock */,
				79F2DB342A312D51004B5FBC /* Sources */,
				79F2DB352A312D51004B5FBC /* Frameworks */,
				79F2DB362A312D51004B5FBC /* Resources */,
				C9D1A7859816CB91699C7226 /* [CP] Embed Pods Frameworks */,
			);
			buildRules = (
			);
			dependencies = (
			);
			name = NewsApp;
			productName = NewsApp;
			productReference = 79F2DB382A312D51004B5FBC /* NewsApp.app */;
			productType = "com.apple.product-type.application";
		};
/* End PBXNativeTarget section */

/* Begin PBXProject section */
		79F2DB302A312D51004B5FBC /* Project object */ = {
			isa = PBXProject;
			attributes = {
				BuildIndependentTargetsInParallel = 1;
				LastSwiftUpdateCheck = 1420;
				LastUpgradeCheck = 1420;
				TargetAttributes = {
					79F2DB372A312D51004B5FBC = {
						CreatedOnToolsVersion = 14.2;
					};
				};
			};
			buildConfigurationList = 79F2DB332A312D51004B5FBC /* Build configuration list for PBXProject "NewsApp" */;
			compatibilityVersion = "Xcode 14.0";
			developmentRegion = en;
			hasScannedForEncodings = 0;
			knownRegions = (
				en,
				Base,
			);
			mainGroup = 79F2DB2F2A312D51004B5FBC;
			productRefGroup = 79F2DB392A312D51004B5FBC /* Products */;
			projectDirPath = "";
			projectRoot = "";
			targets = (
				79F2DB372A312D51004B5FBC /* NewsApp */,
			);
		};
/* End PBXProject section */

/* Begin PBXResourcesBuildPhase section */
		79F2DB362A312D51004B5FBC /* Resources */ = {
			isa = PBXResourcesBuildPhase;
			buildActionMask = 2147483647;
			files = (
				79F2DB482A312D55004B5FBC /* LaunchScreen.storyboard in Resources */,
				79F2DB452A312D55004B5FBC /* Assets.xcassets in Resources */,
			);
			runOnlyForDeploymentPostprocessing = 0;
		};
/* End PBXResourcesBuildPhase section */

/* Begin PBXShellScriptBuildPhase section */
		2FE9589129F0BEFA6C4D0CDA /* [CP] Check Pods Manifest.lock */ = {
			isa = PBXShellScriptBuildPhase;
			buildActionMask = 2147483647;
			files = (
			);
			inputFileListPaths = (
			);
			inputPaths = (
				"${PODS_PODFILE_DIR_PATH}/Podfile.lock",
				"${PODS_ROOT}/Manifest.lock",
			);
			name = "[CP] Check Pods Manifest.lock";
			outputFileListPaths = (
			);
			outputPaths = (
				"$(DERIVED_FILE_DIR)/Pods-NewsApp-checkManifestLockResult.txt",
			);
			runOnlyForDeploymentPostprocessing = 0;
			shellPath = /bin/sh;
			shellScript = "diff \"${PODS_PODFILE_DIR_PATH}/Podfile.lock\" \"${PODS_ROOT}/Manifest.lock\" > /dev/null\nif [ $? != 0 ] ; then\n    # print error to STDERR\n    echo \"error: The sandbox is not in sync with the Podfile.lock. Run 'pod install' or update your CocoaPods installation.\" >&2\n    exit 1\nfi\n# This output is used by Xcode 'outputs' to avoid re-running this script phase.\necho \"SUCCESS\" > \"${SCRIPT_OUTPUT_FILE_0}\"\n";
			showEnvVarsInLog = 0;
		};
		C9D1A7859816CB91699C7226 /* [CP] Embed Pods Frameworks */ = {
			isa = PBXShellScriptBuildPhase;
			buildActionMask = 2147483647;
			files = (
			);
			inputFileListPaths = (
				"${PODS_ROOT}/Target Support Files/Pods-NewsApp/Pods-NewsApp-frameworks-${CONFIGURATION}-input-files.xcfilelist",
			);
			name = "[CP] Embed Pods Frameworks";
			outputFileListPaths = (
				"${PODS_ROOT}/Target Support Files/Pods-NewsApp/Pods-NewsApp-frameworks-${CONFIGURATION}-output-files.xcfilelist",
			);
			runOnlyForDeploymentPostprocessing = 0;
			shellPath = /bin/sh;
			shellScript = "\"${PODS_ROOT}/Target Support Files/Pods-NewsApp/Pods-NewsApp-frameworks.sh\"\n";
			showEnvVarsInLog = 0;
		};
/* End PBXShellScriptBuildPhase section */

/* Begin PBXSourcesBuildPhase section */
		79F2DB342A312D51004B5FBC /* Sources */ = {
			isa = PBXSourcesBuildPhase;
			buildActionMask = 2147483647;
			files = (
				79F2DB522A312DE7004B5FBC /* NewsSevice.swift in Sources */,
				79F2DB502A312DBB004B5FBC /* NewsModel.swift in Sources */,
				79F2DB402A312D51004B5FBC /* ViewController.swift in Sources */,
				79E216302A3B2E500091DA4D /* RecentSearchModel.swift in Sources */,
				79F2DB562A3132B9004B5FBC /* UIImage+setImage.swift in Sources */,
				79E216322A3B2EE40091DA4D /* RecentSearchesVC.swift in Sources */,
				79463E922A3B284000BAE3A3 /* RecentSearchService.swift in Sources */,
				79F2DB3C2A312D51004B5FBC /* AppDelegate.swift in Sources */,
				79F2DB542A3130C9004B5FBC /* NewsCell.swift in Sources */,
				79F2DB3E2A312D51004B5FBC /* SceneDelegate.swift in Sources */,
			);
			runOnlyForDeploymentPostprocessing = 0;
		};
/* End PBXSourcesBuildPhase section */

/* Begin PBXVariantGroup section */
		79F2DB462A312D55004B5FBC /* LaunchScreen.storyboard */ = {
			isa = PBXVariantGroup;
			children = (
				79F2DB472A312D55004B5FBC /* Base */,
			);
			name = LaunchScreen.storyboard;
			sourceTree = "<group>";
		};
/* End PBXVariantGroup section */

/* Begin XCBuildConfiguration section */
		79F2DB4A2A312D55004B5FBC /* Debug */ = {
			isa = XCBuildConfiguration;
			buildSettings = {
				ALWAYS_SEARCH_USER_PATHS = NO;
				CLANG_ANALYZER_NONNULL = YES;
				CLANG_ANALYZER_NUMBER_OBJECT_CONVERSION = YES_AGGRESSIVE;
				CLANG_CXX_LANGUAGE_STANDARD = "gnu++20";
				CLANG_ENABLE_MODULES = YES;
				CLANG_ENABLE_OBJC_ARC = YES;
				CLANG_ENABLE_OBJC_WEAK = YES;
				CLANG_WARN_BLOCK_CAPTURE_AUTORELEASING = YES;
				CLANG_WARN_BOOL_CONVERSION = YES;
				CLANG_WARN_COMMA = YES;
				CLANG_WARN_CONSTANT_CONVERSION = YES;
				CLANG_WARN_DEPRECATED_OBJC_IMPLEMENTATIONS = YES;
				CLANG_WARN_DIRECT_OBJC_ISA_USAGE = YES_ERROR;
				CLANG_WARN_DOCUMENTATION_COMMENTS = YES;
				CLANG_WARN_EMPTY_BODY = YES;
				CLANG_WARN_ENUM_CONVERSION = YES;
				CLANG_WARN_INFINITE_RECURSION = YES;
				CLANG_WARN_INT_CONVERSION = YES;
				CLANG_WARN_NON_LITERAL_NULL_CONVERSION = YES;
				CLANG_WARN_OBJC_IMPLICIT_RETAIN_SELF = YES;
				CLANG_WARN_OBJC_LITERAL_CONVERSION = YES;
				CLANG_WARN_OBJC_ROOT_CLASS = YES_ERROR;
				CLANG_WARN_QUOTED_INCLUDE_IN_FRAMEWORK_HEADER = YES;
				CLANG_WARN_RANGE_LOOP_ANALYSIS = YES;
				CLANG_WARN_STRICT_PROTOTYPES = YES;
				CLANG_WARN_SUSPICIOUS_MOVE = YES;
				CLANG_WARN_UNGUARDED_AVAILABILITY = YES_AGGRESSIVE;
				CLANG_WARN_UNREACHABLE_CODE = YES;
				CLANG_WARN__DUPLICATE_METHOD_MATCH = YES;
				COPY_PHASE_STRIP = NO;
				DEBUG_INFORMATION_FORMAT = dwarf;
				ENABLE_STRICT_OBJC_MSGSEND = YES;
				ENABLE_TESTABILITY = YES;
				GCC_C_LANGUAGE_STANDARD = gnu11;
				GCC_DYNAMIC_NO_PIC = NO;
				GCC_NO_COMMON_BLOCKS = YES;
				GCC_OPTIMIZATION_LEVEL = 0;
				GCC_PREPROCESSOR_DEFINITIONS = (
					"DEBUG=1",
					"$(inherited)",
				);
				GCC_WARN_64_TO_32_BIT_CONVERSION = YES;
				GCC_WARN_ABOUT_RETURN_TYPE = YES_ERROR;
				GCC_WARN_UNDECLARED_SELECTOR = YES;
				GCC_WARN_UNINITIALIZED_AUTOS = YES_AGGRESSIVE;
				GCC_WARN_UNUSED_FUNCTION = YES;
				GCC_WARN_UNUSED_VARIABLE = YES;
				IPHONEOS_DEPLOYMENT_TARGET = 16.2;
				MTL_ENABLE_DEBUG_INFO = INCLUDE_SOURCE;
				MTL_FAST_MATH = YES;
				ONLY_ACTIVE_ARCH = YES;
				SDKROOT = iphoneos;
				SWIFT_ACTIVE_COMPILATION_CONDITIONS = DEBUG;
				SWIFT_OPTIMIZATION_LEVEL = "-Onone";
			};
			name = Debug;
		};
		79F2DB4B2A312D55004B5FBC /* Release */ = {
			isa = XCBuildConfiguration;
			buildSettings = {
				ALWAYS_SEARCH_USER_PATHS = NO;
				CLANG_ANALYZER_NONNULL = YES;
				CLANG_ANALYZER_NUMBER_OBJECT_CONVERSION = YES_AGGRESSIVE;
				CLANG_CXX_LANGUAGE_STANDARD = "gnu++20";
				CLANG_ENABLE_MODULES = YES;
				CLANG_ENABLE_OBJC_ARC = YES;
				CLANG_ENABLE_OBJC_WEAK = YES;
				CLANG_WARN_BLOCK_CAPTURE_AUTORELEASING = YES;
				CLANG_WARN_BOOL_CONVERSION = YES;
				CLANG_WARN_COMMA = YES;
				CLANG_WARN_CONSTANT_CONVERSION = YES;
				CLANG_WARN_DEPRECATED_OBJC_IMPLEMENTATIONS = YES;
				CLANG_WARN_DIRECT_OBJC_ISA_USAGE = YES_ERROR;
				CLANG_WARN_DOCUMENTATION_COMMENTS = YES;
				CLANG_WARN_EMPTY_BODY = YES;
				CLANG_WARN_ENUM_CONVERSION = YES;
				CLANG_WARN_INFINITE_RECURSION = YES;
				CLANG_WARN_INT_CONVERSION = YES;
				CLANG_WARN_NON_LITERAL_NULL_CONVERSION = YES;
				CLANG_WARN_OBJC_IMPLICIT_RETAIN_SELF = YES;
				CLANG_WARN_OBJC_LITERAL_CONVERSION = YES;
				CLANG_WARN_OBJC_ROOT_CLASS = YES_ERROR;
				CLANG_WARN_QUOTED_INCLUDE_IN_FRAMEWORK_HEADER = YES;
				CLANG_WARN_RANGE_LOOP_ANALYSIS = YES;
				CLANG_WARN_STRICT_PROTOTYPES = YES;
				CLANG_WARN_SUSPICIOUS_MOVE = YES;
				CLANG_WARN_UNGUARDED_AVAILABILITY = YES_AGGRESSIVE;
				CLANG_WARN_UNREACHABLE_CODE = YES;
				CLANG_WARN__DUPLICATE_METHOD_MATCH = YES;
				COPY_PHASE_STRIP = NO;
				DEBUG_INFORMATION_FORMAT = "dwarf-with-dsym";
				ENABLE_NS_ASSERTIONS = NO;
				ENABLE_STRICT_OBJC_MSGSEND = YES;
				GCC_C_LANGUAGE_STANDARD = gnu11;
				GCC_NO_COMMON_BLOCKS = YES;
				GCC_WARN_64_TO_32_BIT_CONVERSION = YES;
				GCC_WARN_ABOUT_RETURN_TYPE = YES_ERROR;
				GCC_WARN_UNDECLARED_SELECTOR = YES;
				GCC_WARN_UNINITIALIZED_AUTOS = YES_AGGRESSIVE;
				GCC_WARN_UNUSED_FUNCTION = YES;
				GCC_WARN_UNUSED_VARIABLE = YES;
				IPHONEOS_DEPLOYMENT_TARGET = 16.2;
				MTL_ENABLE_DEBUG_INFO = NO;
				MTL_FAST_MATH = YES;
				SDKROOT = iphoneos;
				SWIFT_COMPILATION_MODE = wholemodule;
				SWIFT_OPTIMIZATION_LEVEL = "-O";
				VALIDATE_PRODUCT = YES;
			};
			name = Release;
		};
		79F2DB4D2A312D55004B5FBC /* Debug */ = {
			isa = XCBuildConfiguration;
			baseConfigurationReference = A279E9FC075E77FC6773C1CA /* Pods-NewsApp.debug.xcconfig */;
			buildSettings = {
				ASSETCATALOG_COMPILER_APPICON_NAME = AppIcon;
				ASSETCATALOG_COMPILER_GLOBAL_ACCENT_COLOR_NAME = AccentColor;
				CODE_SIGN_STYLE = Automatic;
				CURRENT_PROJECT_VERSION = 1;
				DEVELOPMENT_TEAM = B9D9FYA643;
				GENERATE_INFOPLIST_FILE = YES;
				INFOPLIST_FILE = NewsApp/Info.plist;
				INFOPLIST_KEY_UIApplicationSupportsIndirectInputEvents = YES;
				INFOPLIST_KEY_UILaunchStoryboardName = LaunchScreen;
				INFOPLIST_KEY_UISupportedInterfaceOrientations_iPad = "UIInterfaceOrientationPortrait UIInterfaceOrientationPortraitUpsideDown UIInterfaceOrientationLandscapeLeft UIInterfaceOrientationLandscapeRight";
				INFOPLIST_KEY_UISupportedInterfaceOrientations_iPhone = "UIInterfaceOrientationPortrait UIInterfaceOrientationLandscapeLeft UIInterfaceOrientationLandscapeRight";
				LD_RUNPATH_SEARCH_PATHS = (
					"$(inherited)",
					"@executable_path/Frameworks",
				);
				MARKETING_VERSION = 1.0;
				PRODUCT_BUNDLE_IDENTIFIER = com.sandorsuszta.NewsApp;
				PRODUCT_NAME = "$(TARGET_NAME)";
				SWIFT_EMIT_LOC_STRINGS = YES;
				SWIFT_VERSION = 5.0;
				TARGETED_DEVICE_FAMILY = "1,2";
			};
			name = Debug;
		};
		79F2DB4E2A312D55004B5FBC /* Release */ = {
			isa = XCBuildConfiguration;
			baseConfigurationReference = 3BC026D65B702CF10EF1DA7D /* Pods-NewsApp.release.xcconfig */;
			buildSettings = {
				ASSETCATALOG_COMPILER_APPICON_NAME = AppIcon;
				ASSETCATALOG_COMPILER_GLOBAL_ACCENT_COLOR_NAME = AccentColor;
				CODE_SIGN_STYLE = Automatic;
				CURRENT_PROJECT_VERSION = 1;
				DEVELOPMENT_TEAM = B9D9FYA643;
				GENERATE_INFOPLIST_FILE = YES;
				INFOPLIST_FILE = NewsApp/Info.plist;
				INFOPLIST_KEY_UIApplicationSupportsIndirectInputEvents = YES;
				INFOPLIST_KEY_UILaunchStoryboardName = LaunchScreen;
				INFOPLIST_KEY_UISupportedInterfaceOrientations_iPad = "UIInterfaceOrientationPortrait UIInterfaceOrientationPortraitUpsideDown UIInterfaceOrientationLandscapeLeft UIInterfaceOrientationLandscapeRight";
				INFOPLIST_KEY_UISupportedInterfaceOrientations_iPhone = "UIInterfaceOrientationPortrait UIInterfaceOrientationLandscapeLeft UIInterfaceOrientationLandscapeRight";
				LD_RUNPATH_SEARCH_PATHS = (
					"$(inherited)",
					"@executable_path/Frameworks",
				);
				MARKETING_VERSION = 1.0;
				PRODUCT_BUNDLE_IDENTIFIER = com.sandorsuszta.NewsApp;
				PRODUCT_NAME = "$(TARGET_NAME)";
				SWIFT_EMIT_LOC_STRINGS = YES;
				SWIFT_VERSION = 5.0;
				TARGETED_DEVICE_FAMILY = "1,2";
			};
			name = Release;
		};
/* End XCBuildConfiguration section */

/* Begin XCConfigurationList section */
		79F2DB332A312D51004B5FBC /* Build configuration list for PBXProject "NewsApp" */ = {
			isa = XCConfigurationList;
			buildConfigurations = (
				79F2DB4A2A312D55004B5FBC /* Debug */,
				79F2DB4B2A312D55004B5FBC /* Release */,
			);
			defaultConfigurationIsVisible = 0;
			defaultConfigurationName = Release;
		};
		79F2DB4C2A312D55004B5FBC /* Build configuration list for PBXNativeTarget "NewsApp" */ = {
			isa = XCConfigurationList;
			buildConfigurations = (
				79F2DB4D2A312D55004B5FBC /* Debug */,
				79F2DB4E2A312D55004B5FBC /* Release */,
			);
			defaultConfigurationIsVisible = 0;
			defaultConfigurationName = Release;
		};
/* End XCConfigurationList section */
	};
	rootObject = 79F2DB302A312D51004B5FBC /* Project object */;
}
